// !$*UTF8*$!
{
	archiveVersion = 1;
	classes = {
	};
	objectVersion = 56;
	objects = {

/* Begin PBXBuildFile section */
		6AFBB2D12C0589B6002800C3 /* PokeTrivia_iosApp.swift in Sources */ = {isa = PBXBuildFile; fileRef = 6AFBB2D02C0589B6002800C3 /* PokeTrivia_iosApp.swift */; };
		6AFBB2D32C0589B6002800C3 /* ContentView.swift in Sources */ = {isa = PBXBuildFile; fileRef = 6AFBB2D22C0589B6002800C3 /* ContentView.swift */; };
		6AFBB2D52C0589B7002800C3 /* Assets.xcassets in Resources */ = {isa = PBXBuildFile; fileRef = 6AFBB2D42C0589B7002800C3 /* Assets.xcassets */; };
		6AFBB2D82C0589B7002800C3 /* Preview Assets.xcassets in Resources */ = {isa = PBXBuildFile; fileRef = 6AFBB2D72C0589B7002800C3 /* Preview Assets.xcassets */; };
		6AFBB2FB2C058A06002800C3 /* pokemon_data.json in Resources */ = {isa = PBXBuildFile; fileRef = 6AFBB2FA2C058A06002800C3 /* pokemon_data.json */; };
		6AFBB3002C058B35002800C3 /* MainMenuView.swift in Sources */ = {isa = PBXBuildFile; fileRef = 6AFBB2FF2C058B35002800C3 /* MainMenuView.swift */; };
		6AFBB3042C058BBF002800C3 /* PokeGridView.swift in Sources */ = {isa = PBXBuildFile; fileRef = 6AFBB3032C058BBF002800C3 /* PokeGridView.swift */; };
		6AFBB3062C058BD5002800C3 /* PokeDexView.swift in Sources */ = {isa = PBXBuildFile; fileRef = 6AFBB3052C058BD5002800C3 /* PokeDexView.swift */; };
		6AFBB3082C058BE0002800C3 /* CheckerView.swift in Sources */ = {isa = PBXBuildFile; fileRef = 6AFBB3072C058BE0002800C3 /* CheckerView.swift */; };
		6AFBB30A2C058CDC002800C3 /* PokemonData.swift in Sources */ = {isa = PBXBuildFile; fileRef = 6AFBB3092C058CDC002800C3 /* PokemonData.swift */; };
		6AFBB30B2C059622002800C3 /* pokemon_data.json in Resources */ = {isa = PBXBuildFile; fileRef = 6AFBB2FA2C058A06002800C3 /* pokemon_data.json */; };
		6AFBB30C2C059623002800C3 /* pokemon_data.json in Resources */ = {isa = PBXBuildFile; fileRef = 6AFBB2FA2C058A06002800C3 /* pokemon_data.json */; };
		6AFBB3112C05A3F1002800C3 /* DexEntryView.swift in Sources */ = {isa = PBXBuildFile; fileRef = 6AFBB3102C05A3F1002800C3 /* DexEntryView.swift */; };
		6AFBB3132C05A432002800C3 /* PokemonEnums.swift in Sources */ = {isa = PBXBuildFile; fileRef = 6AFBB3122C05A432002800C3 /* PokemonEnums.swift */; };
		6AFBB3152C05A46E002800C3 /* GridFunctions.swift in Sources */ = {isa = PBXBuildFile; fileRef = 6AFBB3142C05A46E002800C3 /* GridFunctions.swift */; };
		6AFBB3172C05A666002800C3 /* StatBarView.swift in Sources */ = {isa = PBXBuildFile; fileRef = 6AFBB3162C05A666002800C3 /* StatBarView.swift */; };
		6AFBB3192C066609002800C3 /* ImageView.swift in Sources */ = {isa = PBXBuildFile; fileRef = 6AFBB3182C066609002800C3 /* ImageView.swift */; };
		6AFBB31B2C0694DD002800C3 /* RulesView.swift in Sources */ = {isa = PBXBuildFile; fileRef = 6AFBB31A2C0694DD002800C3 /* RulesView.swift */; };
		6AFBB31D2C069512002800C3 /* GridCellView.swift in Sources */ = {isa = PBXBuildFile; fileRef = 6AFBB31C2C069512002800C3 /* GridCellView.swift */; };
		6AFBB31F2C069588002800C3 /* CorrectOptionsView.swift in Sources */ = {isa = PBXBuildFile; fileRef = 6AFBB31E2C069588002800C3 /* CorrectOptionsView.swift */; };
		6AFBB3212C06973B002800C3 /* SearchBar.swift in Sources */ = {isa = PBXBuildFile; fileRef = 6AFBB3202C06973B002800C3 /* SearchBar.swift */; };
		6AFBB3232C069E46002800C3 /* StatCheckPokemonView.swift in Sources */ = {isa = PBXBuildFile; fileRef = 6AFBB3222C069E46002800C3 /* StatCheckPokemonView.swift */; };
/* End PBXBuildFile section */

/* Begin PBXContainerItemProxy section */
		6AFBB2DE2C0589B8002800C3 /* PBXContainerItemProxy */ = {
			isa = PBXContainerItemProxy;
			containerPortal = 6AFBB2C52C0589B6002800C3 /* Project object */;
			proxyType = 1;
			remoteGlobalIDString = 6AFBB2CC2C0589B6002800C3;
			remoteInfo = PokeTrivia_ios;
		};
		6AFBB2E82C0589B8002800C3 /* PBXContainerItemProxy */ = {
			isa = PBXContainerItemProxy;
			containerPortal = 6AFBB2C52C0589B6002800C3 /* Project object */;
			proxyType = 1;
			remoteGlobalIDString = 6AFBB2CC2C0589B6002800C3;
			remoteInfo = PokeTrivia_ios;
		};
/* End PBXContainerItemProxy section */

/* Begin PBXFileReference section */
		6AFBB2CD2C0589B6002800C3 /* PokeTrivia_ios.app */ = {isa = PBXFileReference; explicitFileType = wrapper.application; includeInIndex = 0; path = PokeTrivia_ios.app; sourceTree = BUILT_PRODUCTS_DIR; };
		6AFBB2D02C0589B6002800C3 /* PokeTrivia_iosApp.swift */ = {isa = PBXFileReference; lastKnownFileType = sourcecode.swift; path = PokeTrivia_iosApp.swift; sourceTree = "<group>"; };
		6AFBB2D22C0589B6002800C3 /* ContentView.swift */ = {isa = PBXFileReference; lastKnownFileType = sourcecode.swift; path = ContentView.swift; sourceTree = "<group>"; };
		6AFBB2D42C0589B7002800C3 /* Assets.xcassets */ = {isa = PBXFileReference; lastKnownFileType = folder.assetcatalog; path = Assets.xcassets; sourceTree = "<group>"; };
		6AFBB2D72C0589B7002800C3 /* Preview Assets.xcassets */ = {isa = PBXFileReference; lastKnownFileType = folder.assetcatalog; path = "Preview Assets.xcassets"; sourceTree = "<group>"; };
		6AFBB2DD2C0589B8002800C3 /* PokeTrivia_iosTests.xctest */ = {isa = PBXFileReference; explicitFileType = wrapper.cfbundle; includeInIndex = 0; path = PokeTrivia_iosTests.xctest; sourceTree = BUILT_PRODUCTS_DIR; };
		6AFBB2E72C0589B8002800C3 /* PokeTrivia_iosUITests.xctest */ = {isa = PBXFileReference; explicitFileType = wrapper.cfbundle; includeInIndex = 0; path = PokeTrivia_iosUITests.xctest; sourceTree = BUILT_PRODUCTS_DIR; };
		6AFBB2FA2C058A06002800C3 /* pokemon_data.json */ = {isa = PBXFileReference; fileEncoding = 4; lastKnownFileType = text.json; path = pokemon_data.json; sourceTree = "<group>"; };
		6AFBB2FF2C058B35002800C3 /* MainMenuView.swift */ = {isa = PBXFileReference; lastKnownFileType = sourcecode.swift; path = MainMenuView.swift; sourceTree = "<group>"; };
		6AFBB3032C058BBF002800C3 /* PokeGridView.swift */ = {isa = PBXFileReference; lastKnownFileType = sourcecode.swift; path = PokeGridView.swift; sourceTree = "<group>"; };
		6AFBB3052C058BD5002800C3 /* PokeDexView.swift */ = {isa = PBXFileReference; lastKnownFileType = sourcecode.swift; path = PokeDexView.swift; sourceTree = "<group>"; };
		6AFBB3072C058BE0002800C3 /* CheckerView.swift */ = {isa = PBXFileReference; lastKnownFileType = sourcecode.swift; path = CheckerView.swift; sourceTree = "<group>"; };
		6AFBB3092C058CDC002800C3 /* PokemonData.swift */ = {isa = PBXFileReference; lastKnownFileType = sourcecode.swift; path = PokemonData.swift; sourceTree = "<group>"; };
		6AFBB3102C05A3F1002800C3 /* DexEntryView.swift */ = {isa = PBXFileReference; lastKnownFileType = sourcecode.swift; path = DexEntryView.swift; sourceTree = "<group>"; };
		6AFBB3122C05A432002800C3 /* PokemonEnums.swift */ = {isa = PBXFileReference; lastKnownFileType = sourcecode.swift; path = PokemonEnums.swift; sourceTree = "<group>"; };
		6AFBB3142C05A46E002800C3 /* GridFunctions.swift */ = {isa = PBXFileReference; lastKnownFileType = sourcecode.swift; path = GridFunctions.swift; sourceTree = "<group>"; };
		6AFBB3162C05A666002800C3 /* StatBarView.swift */ = {isa = PBXFileReference; lastKnownFileType = sourcecode.swift; path = StatBarView.swift; sourceTree = "<group>"; };
		6AFBB3182C066609002800C3 /* ImageView.swift */ = {isa = PBXFileReference; lastKnownFileType = sourcecode.swift; path = ImageView.swift; sourceTree = "<group>"; };
		6AFBB31A2C0694DD002800C3 /* RulesView.swift */ = {isa = PBXFileReference; lastKnownFileType = sourcecode.swift; path = RulesView.swift; sourceTree = "<group>"; };
		6AFBB31C2C069512002800C3 /* GridCellView.swift */ = {isa = PBXFileReference; lastKnownFileType = sourcecode.swift; path = GridCellView.swift; sourceTree = "<group>"; };
		6AFBB31E2C069588002800C3 /* CorrectOptionsView.swift */ = {isa = PBXFileReference; lastKnownFileType = sourcecode.swift; path = CorrectOptionsView.swift; sourceTree = "<group>"; };
		6AFBB3202C06973B002800C3 /* SearchBar.swift */ = {isa = PBXFileReference; lastKnownFileType = sourcecode.swift; path = SearchBar.swift; sourceTree = "<group>"; };
		6AFBB3222C069E46002800C3 /* StatCheckPokemonView.swift */ = {isa = PBXFileReference; lastKnownFileType = sourcecode.swift; path = StatCheckPokemonView.swift; sourceTree = "<group>"; };
/* End PBXFileReference section */

/* Begin PBXFrameworksBuildPhase section */
		6AFBB2CA2C0589B6002800C3 /* Frameworks */ = {
			isa = PBXFrameworksBuildPhase;
			buildActionMask = 2147483647;
			files = (
			);
			runOnlyForDeploymentPostprocessing = 0;
		};
		6AFBB2DA2C0589B8002800C3 /* Frameworks */ = {
			isa = PBXFrameworksBuildPhase;
			buildActionMask = 2147483647;
			files = (
			);
			runOnlyForDeploymentPostprocessing = 0;
		};
		6AFBB2E42C0589B8002800C3 /* Frameworks */ = {
			isa = PBXFrameworksBuildPhase;
			buildActionMask = 2147483647;
			files = (
			);
			runOnlyForDeploymentPostprocessing = 0;
		};
/* End PBXFrameworksBuildPhase section */

/* Begin PBXGroup section */
		6AFBB2C42C0589B6002800C3 = {
			isa = PBXGroup;
			children = (
				6AFBB2CF2C0589B6002800C3 /* PokeTrivia_ios */,
				6AFBB2CE2C0589B6002800C3 /* Products */,
			);
			sourceTree = "<group>";
		};
		6AFBB2CE2C0589B6002800C3 /* Products */ = {
			isa = PBXGroup;
			children = (
				6AFBB2CD2C0589B6002800C3 /* PokeTrivia_ios.app */,
				6AFBB2DD2C0589B8002800C3 /* PokeTrivia_iosTests.xctest */,
				6AFBB2E72C0589B8002800C3 /* PokeTrivia_iosUITests.xctest */,
			);
			name = Products;
			sourceTree = "<group>";
		};
		6AFBB2CF2C0589B6002800C3 /* PokeTrivia_ios */ = {
			isa = PBXGroup;
			children = (
				6AFBB2FC2C058AFE002800C3 /* Models */,
				6AFBB2FD2C058B09002800C3 /* Views */,
				6AFBB2FA2C058A06002800C3 /* pokemon_data.json */,
				6AFBB2D02C0589B6002800C3 /* PokeTrivia_iosApp.swift */,
				6AFBB2D42C0589B7002800C3 /* Assets.xcassets */,
				6AFBB2D62C0589B7002800C3 /* Preview Content */,
			);
			path = PokeTrivia_ios;
			sourceTree = "<group>";
		};
		6AFBB2D62C0589B7002800C3 /* Preview Content */ = {
			isa = PBXGroup;
			children = (
				6AFBB2D72C0589B7002800C3 /* Preview Assets.xcassets */,
			);
			path = "Preview Content";
			sourceTree = "<group>";
		};
		6AFBB2FC2C058AFE002800C3 /* Models */ = {
			isa = PBXGroup;
			children = (
				6AFBB3092C058CDC002800C3 /* PokemonData.swift */,
				6AFBB3122C05A432002800C3 /* PokemonEnums.swift */,
			);
			path = Models;
			sourceTree = "<group>";
		};
		6AFBB2FD2C058B09002800C3 /* Views */ = {
			isa = PBXGroup;
			children = (
				6AFBB3202C06973B002800C3 /* SearchBar.swift */,
				6AFBB3012C058B9C002800C3 /* PokeGrid */,
				6AFBB3022C058BA3002800C3 /* Checker */,
				6AFBB2FE2C058B1A002800C3 /* PokeDex */,
				6AFBB2D22C0589B6002800C3 /* ContentView.swift */,
				6AFBB2FF2C058B35002800C3 /* MainMenuView.swift */,
				6AFBB3182C066609002800C3 /* ImageView.swift */,
			);
			path = Views;
			sourceTree = "<group>";
		};
		6AFBB2FE2C058B1A002800C3 /* PokeDex */ = {
			isa = PBXGroup;
			children = (
				6AFBB3052C058BD5002800C3 /* PokeDexView.swift */,
				6AFBB3102C05A3F1002800C3 /* DexEntryView.swift */,
				6AFBB3162C05A666002800C3 /* StatBarView.swift */,
			);
			path = PokeDex;
			sourceTree = "<group>";
		};
		6AFBB3012C058B9C002800C3 /* PokeGrid */ = {
			isa = PBXGroup;
			children = (
				6AFBB3032C058BBF002800C3 /* PokeGridView.swift */,
				6AFBB3142C05A46E002800C3 /* GridFunctions.swift */,
				6AFBB31A2C0694DD002800C3 /* RulesView.swift */,
				6AFBB31C2C069512002800C3 /* GridCellView.swift */,
				6AFBB31E2C069588002800C3 /* CorrectOptionsView.swift */,
			);
			path = PokeGrid;
			sourceTree = "<group>";
		};
		6AFBB3022C058BA3002800C3 /* Checker */ = {
			isa = PBXGroup;
			children = (
				6AFBB3072C058BE0002800C3 /* CheckerView.swift */,
				6AFBB3222C069E46002800C3 /* StatCheckPokemonView.swift */,
			);
			path = Checker;
			sourceTree = "<group>";
		};
/* End PBXGroup section */

/* Begin PBXNativeTarget section */
		6AFBB2CC2C0589B6002800C3 /* PokeTrivia_ios */ = {
			isa = PBXNativeTarget;
			buildConfigurationList = 6AFBB2F12C0589B8002800C3 /* Build configuration list for PBXNativeTarget "PokeTrivia_ios" */;
			buildPhases = (
				6AFBB2C92C0589B6002800C3 /* Sources */,
				6AFBB2CA2C0589B6002800C3 /* Frameworks */,
				6AFBB2CB2C0589B6002800C3 /* Resources */,
			);
			buildRules = (
			);
			dependencies = (
			);
			name = PokeTrivia_ios;
			productName = PokeTrivia_ios;
			productReference = 6AFBB2CD2C0589B6002800C3 /* PokeTrivia_ios.app */;
			productType = "com.apple.product-type.application";
		};
		6AFBB2DC2C0589B8002800C3 /* PokeTrivia_iosTests */ = {
			isa = PBXNativeTarget;
			buildConfigurationList = 6AFBB2F42C0589B8002800C3 /* Build configuration list for PBXNativeTarget "PokeTrivia_iosTests" */;
			buildPhases = (
				6AFBB2D92C0589B8002800C3 /* Sources */,
				6AFBB2DA2C0589B8002800C3 /* Frameworks */,
				6AFBB2DB2C0589B8002800C3 /* Resources */,
			);
			buildRules = (
			);
			dependencies = (
				6AFBB2DF2C0589B8002800C3 /* PBXTargetDependency */,
			);
			name = PokeTrivia_iosTests;
			productName = PokeTrivia_iosTests;
			productReference = 6AFBB2DD2C0589B8002800C3 /* PokeTrivia_iosTests.xctest */;
			productType = "com.apple.product-type.bundle.unit-test";
		};
		6AFBB2E62C0589B8002800C3 /* PokeTrivia_iosUITests */ = {
			isa = PBXNativeTarget;
			buildConfigurationList = 6AFBB2F72C0589B8002800C3 /* Build configuration list for PBXNativeTarget "PokeTrivia_iosUITests" */;
			buildPhases = (
				6AFBB2E32C0589B8002800C3 /* Sources */,
				6AFBB2E42C0589B8002800C3 /* Frameworks */,
				6AFBB2E52C0589B8002800C3 /* Resources */,
			);
			buildRules = (
			);
			dependencies = (
				6AFBB2E92C0589B8002800C3 /* PBXTargetDependency */,
			);
			name = PokeTrivia_iosUITests;
			productName = PokeTrivia_iosUITests;
			productReference = 6AFBB2E72C0589B8002800C3 /* PokeTrivia_iosUITests.xctest */;
			productType = "com.apple.product-type.bundle.ui-testing";
		};
/* End PBXNativeTarget section */

/* Begin PBXProject section */
		6AFBB2C52C0589B6002800C3 /* Project object */ = {
			isa = PBXProject;
			attributes = {
				BuildIndependentTargetsInParallel = 1;
				LastSwiftUpdateCheck = 1540;
				LastUpgradeCheck = 1540;
				TargetAttributes = {
					6AFBB2CC2C0589B6002800C3 = {
						CreatedOnToolsVersion = 15.4;
					};
					6AFBB2DC2C0589B8002800C3 = {
						CreatedOnToolsVersion = 15.4;
						TestTargetID = 6AFBB2CC2C0589B6002800C3;
					};
					6AFBB2E62C0589B8002800C3 = {
						CreatedOnToolsVersion = 15.4;
						TestTargetID = 6AFBB2CC2C0589B6002800C3;
					};
				};
			};
			buildConfigurationList = 6AFBB2C82C0589B6002800C3 /* Build configuration list for PBXProject "PokeTrivia_ios" */;
			compatibilityVersion = "Xcode 14.0";
			developmentRegion = en;
			hasScannedForEncodings = 0;
			knownRegions = (
				en,
				Base,
			);
			mainGroup = 6AFBB2C42C0589B6002800C3;
			productRefGroup = 6AFBB2CE2C0589B6002800C3 /* Products */;
			projectDirPath = "";
			projectRoot = "";
			targets = (
				6AFBB2CC2C0589B6002800C3 /* PokeTrivia_ios */,
				6AFBB2DC2C0589B8002800C3 /* PokeTrivia_iosTests */,
				6AFBB2E62C0589B8002800C3 /* PokeTrivia_iosUITests */,
			);
		};
/* End PBXProject section */

/* Begin PBXResourcesBuildPhase section */
		6AFBB2CB2C0589B6002800C3 /* Resources */ = {
			isa = PBXResourcesBuildPhase;
			buildActionMask = 2147483647;
			files = (
				6AFBB2D82C0589B7002800C3 /* Preview Assets.xcassets in Resources */,
				6AFBB2D52C0589B7002800C3 /* Assets.xcassets in Resources */,
				6AFBB2FB2C058A06002800C3 /* pokemon_data.json in Resources */,
			);
			runOnlyForDeploymentPostprocessing = 0;
		};
		6AFBB2DB2C0589B8002800C3 /* Resources */ = {
			isa = PBXResourcesBuildPhase;
			buildActionMask = 2147483647;
			files = (
				6AFBB30B2C059622002800C3 /* pokemon_data.json in Resources */,
			);
			runOnlyForDeploymentPostprocessing = 0;
		};
		6AFBB2E52C0589B8002800C3 /* Resources */ = {
			isa = PBXResourcesBuildPhase;
			buildActionMask = 2147483647;
			files = (
				6AFBB30C2C059623002800C3 /* pokemon_data.json in Resources */,
			);
			runOnlyForDeploymentPostprocessing = 0;
		};
/* End PBXResourcesBuildPhase section */

/* Begin PBXSourcesBuildPhase section */
		6AFBB2C92C0589B6002800C3 /* Sources */ = {
			isa = PBXSourcesBuildPhase;
			buildActionMask = 2147483647;
			files = (
				6AFBB3192C066609002800C3 /* ImageView.swift in Sources */,
				6AFBB3132C05A432002800C3 /* PokemonEnums.swift in Sources */,
				6AFBB3082C058BE0002800C3 /* CheckerView.swift in Sources */,
				6AFBB30A2C058CDC002800C3 /* PokemonData.swift in Sources */,
				6AFBB3232C069E46002800C3 /* StatCheckPokemonView.swift in Sources */,
				6AFBB3002C058B35002800C3 /* MainMenuView.swift in Sources */,
				6AFBB3212C06973B002800C3 /* SearchBar.swift in Sources */,
				6AFBB3112C05A3F1002800C3 /* DexEntryView.swift in Sources */,
				6AFBB3042C058BBF002800C3 /* PokeGridView.swift in Sources */,
				6AFBB2D32C0589B6002800C3 /* ContentView.swift in Sources */,
				6AFBB3062C058BD5002800C3 /* PokeDexView.swift in Sources */,
				6AFBB3172C05A666002800C3 /* StatBarView.swift in Sources */,
				6AFBB31F2C069588002800C3 /* CorrectOptionsView.swift in Sources */,
				6AFBB31D2C069512002800C3 /* GridCellView.swift in Sources */,
				6AFBB2D12C0589B6002800C3 /* PokeTrivia_iosApp.swift in Sources */,
				6AFBB3152C05A46E002800C3 /* GridFunctions.swift in Sources */,
				6AFBB31B2C0694DD002800C3 /* RulesView.swift in Sources */,
			);
			runOnlyForDeploymentPostprocessing = 0;
		};
		6AFBB2D92C0589B8002800C3 /* Sources */ = {
			isa = PBXSourcesBuildPhase;
			buildActionMask = 2147483647;
			files = (
			);
			runOnlyForDeploymentPostprocessing = 0;
		};
		6AFBB2E32C0589B8002800C3 /* Sources */ = {
			isa = PBXSourcesBuildPhase;
			buildActionMask = 2147483647;
			files = (
			);
			runOnlyForDeploymentPostprocessing = 0;
		};
/* End PBXSourcesBuildPhase section */

/* Begin PBXTargetDependency section */
		6AFBB2DF2C0589B8002800C3 /* PBXTargetDependency */ = {
			isa = PBXTargetDependency;
			target = 6AFBB2CC2C0589B6002800C3 /* PokeTrivia_ios */;
			targetProxy = 6AFBB2DE2C0589B8002800C3 /* PBXContainerItemProxy */;
		};
		6AFBB2E92C0589B8002800C3 /* PBXTargetDependency */ = {
			isa = PBXTargetDependency;
			target = 6AFBB2CC2C0589B6002800C3 /* PokeTrivia_ios */;
			targetProxy = 6AFBB2E82C0589B8002800C3 /* PBXContainerItemProxy */;
		};
/* End PBXTargetDependency section */

/* Begin XCBuildConfiguration section */
		6AFBB2EF2C0589B8002800C3 /* Debug */ = {
			isa = XCBuildConfiguration;
			buildSettings = {
				ALWAYS_SEARCH_USER_PATHS = NO;
				ASSETCATALOG_COMPILER_GENERATE_SWIFT_ASSET_SYMBOL_EXTENSIONS = YES;
				CLANG_ANALYZER_NONNULL = YES;
				CLANG_ANALYZER_NUMBER_OBJECT_CONVERSION = YES_AGGRESSIVE;
				CLANG_CXX_LANGUAGE_STANDARD = "gnu++20";
				CLANG_ENABLE_MODULES = YES;
				CLANG_ENABLE_OBJC_ARC = YES;
				CLANG_ENABLE_OBJC_WEAK = YES;
				CLANG_WARN_BLOCK_CAPTURE_AUTORELEASING = YES;
				CLANG_WARN_BOOL_CONVERSION = YES;
				CLANG_WARN_COMMA = YES;
				CLANG_WARN_CONSTANT_CONVERSION = YES;
				CLANG_WARN_DEPRECATED_OBJC_IMPLEMENTATIONS = YES;
				CLANG_WARN_DIRECT_OBJC_ISA_USAGE = YES_ERROR;
				CLANG_WARN_DOCUMENTATION_COMMENTS = YES;
				CLANG_WARN_EMPTY_BODY = YES;
				CLANG_WARN_ENUM_CONVERSION = YES;
				CLANG_WARN_INFINITE_RECURSION = YES;
				CLANG_WARN_INT_CONVERSION = YES;
				CLANG_WARN_NON_LITERAL_NULL_CONVERSION = YES;
				CLANG_WARN_OBJC_IMPLICIT_RETAIN_SELF = YES;
				CLANG_WARN_OBJC_LITERAL_CONVERSION = YES;
				CLANG_WARN_OBJC_ROOT_CLASS = YES_ERROR;
				CLANG_WARN_QUOTED_INCLUDE_IN_FRAMEWORK_HEADER = YES;
				CLANG_WARN_RANGE_LOOP_ANALYSIS = YES;
				CLANG_WARN_STRICT_PROTOTYPES = YES;
				CLANG_WARN_SUSPICIOUS_MOVE = YES;
				CLANG_WARN_UNGUARDED_AVAILABILITY = YES_AGGRESSIVE;
				CLANG_WARN_UNREACHABLE_CODE = YES;
				CLANG_WARN__DUPLICATE_METHOD_MATCH = YES;
				COPY_PHASE_STRIP = NO;
				DEBUG_INFORMATION_FORMAT = dwarf;
				ENABLE_STRICT_OBJC_MSGSEND = YES;
				ENABLE_TESTABILITY = YES;
				ENABLE_USER_SCRIPT_SANDBOXING = YES;
				GCC_C_LANGUAGE_STANDARD = gnu17;
				GCC_DYNAMIC_NO_PIC = NO;
				GCC_NO_COMMON_BLOCKS = YES;
				GCC_OPTIMIZATION_LEVEL = 0;
				GCC_PREPROCESSOR_DEFINITIONS = (
					"DEBUG=1",
					"$(inherited)",
				);
				GCC_WARN_64_TO_32_BIT_CONVERSION = YES;
				GCC_WARN_ABOUT_RETURN_TYPE = YES_ERROR;
				GCC_WARN_UNDECLARED_SELECTOR = YES;
				GCC_WARN_UNINITIALIZED_AUTOS = YES_AGGRESSIVE;
				GCC_WARN_UNUSED_FUNCTION = YES;
				GCC_WARN_UNUSED_VARIABLE = YES;
				IPHONEOS_DEPLOYMENT_TARGET = 17.5;
				LOCALIZATION_PREFERS_STRING_CATALOGS = YES;
				MTL_ENABLE_DEBUG_INFO = INCLUDE_SOURCE;
				MTL_FAST_MATH = YES;
				ONLY_ACTIVE_ARCH = YES;
				SDKROOT = iphoneos;
				SWIFT_ACTIVE_COMPILATION_CONDITIONS = "DEBUG $(inherited)";
				SWIFT_OPTIMIZATION_LEVEL = "-Onone";
			};
			name = Debug;
		};
		6AFBB2F02C0589B8002800C3 /* Release */ = {
			isa = XCBuildConfiguration;
			buildSettings = {
				ALWAYS_SEARCH_USER_PATHS = NO;
				ASSETCATALOG_COMPILER_GENERATE_SWIFT_ASSET_SYMBOL_EXTENSIONS = YES;
				CLANG_ANALYZER_NONNULL = YES;
				CLANG_ANALYZER_NUMBER_OBJECT_CONVERSION = YES_AGGRESSIVE;
				CLANG_CXX_LANGUAGE_STANDARD = "gnu++20";
				CLANG_ENABLE_MODULES = YES;
				CLANG_ENABLE_OBJC_ARC = YES;
				CLANG_ENABLE_OBJC_WEAK = YES;
				CLANG_WARN_BLOCK_CAPTURE_AUTORELEASING = YES;
				CLANG_WARN_BOOL_CONVERSION = YES;
				CLANG_WARN_COMMA = YES;
				CLANG_WARN_CONSTANT_CONVERSION = YES;
				CLANG_WARN_DEPRECATED_OBJC_IMPLEMENTATIONS = YES;
				CLANG_WARN_DIRECT_OBJC_ISA_USAGE = YES_ERROR;
				CLANG_WARN_DOCUMENTATION_COMMENTS = YES;
				CLANG_WARN_EMPTY_BODY = YES;
				CLANG_WARN_ENUM_CONVERSION = YES;
				CLANG_WARN_INFINITE_RECURSION = YES;
				CLANG_WARN_INT_CONVERSION = YES;
				CLANG_WARN_NON_LITERAL_NULL_CONVERSION = YES;
				CLANG_WARN_OBJC_IMPLICIT_RETAIN_SELF = YES;
				CLANG_WARN_OBJC_LITERAL_CONVERSION = YES;
				CLANG_WARN_OBJC_ROOT_CLASS = YES_ERROR;
				CLANG_WARN_QUOTED_INCLUDE_IN_FRAMEWORK_HEADER = YES;
				CLANG_WARN_RANGE_LOOP_ANALYSIS = YES;
				CLANG_WARN_STRICT_PROTOTYPES = YES;
				CLANG_WARN_SUSPICIOUS_MOVE = YES;
				CLANG_WARN_UNGUARDED_AVAILABILITY = YES_AGGRESSIVE;
				CLANG_WARN_UNREACHABLE_CODE = YES;
				CLANG_WARN__DUPLICATE_METHOD_MATCH = YES;
				COPY_PHASE_STRIP = NO;
				DEBUG_INFORMATION_FORMAT = "dwarf-with-dsym";
				ENABLE_NS_ASSERTIONS = NO;
				ENABLE_STRICT_OBJC_MSGSEND = YES;
				ENABLE_USER_SCRIPT_SANDBOXING = YES;
				GCC_C_LANGUAGE_STANDARD = gnu17;
				GCC_NO_COMMON_BLOCKS = YES;
				GCC_WARN_64_TO_32_BIT_CONVERSION = YES;
				GCC_WARN_ABOUT_RETURN_TYPE = YES_ERROR;
				GCC_WARN_UNDECLARED_SELECTOR = YES;
				GCC_WARN_UNINITIALIZED_AUTOS = YES_AGGRESSIVE;
				GCC_WARN_UNUSED_FUNCTION = YES;
				GCC_WARN_UNUSED_VARIABLE = YES;
				IPHONEOS_DEPLOYMENT_TARGET = 17.5;
				LOCALIZATION_PREFERS_STRING_CATALOGS = YES;
				MTL_ENABLE_DEBUG_INFO = NO;
				MTL_FAST_MATH = YES;
				SDKROOT = iphoneos;
				SWIFT_COMPILATION_MODE = wholemodule;
				VALIDATE_PRODUCT = YES;
			};
			name = Release;
		};
		6AFBB2F22C0589B8002800C3 /* Debug */ = {
			isa = XCBuildConfiguration;
			buildSettings = {
				ASSETCATALOG_COMPILER_APPICON_NAME = AppIcon;
				ASSETCATALOG_COMPILER_GLOBAL_ACCENT_COLOR_NAME = AccentColor;
				CODE_SIGN_STYLE = Automatic;
				CURRENT_PROJECT_VERSION = 1;
				DEVELOPMENT_ASSET_PATHS = "\"PokeTrivia_ios/Preview Content\"";
				DEVELOPMENT_TEAM = 86NLWSZ2AC;
				ENABLE_PREVIEWS = YES;
				GENERATE_INFOPLIST_FILE = YES;
				INFOPLIST_KEY_UIApplicationSceneManifest_Generation = YES;
				INFOPLIST_KEY_UIApplicationSupportsIndirectInputEvents = YES;
				INFOPLIST_KEY_UILaunchScreen_Generation = YES;
				INFOPLIST_KEY_UISupportedInterfaceOrientations_iPad = "UIInterfaceOrientationPortrait UIInterfaceOrientationPortraitUpsideDown UIInterfaceOrientationLandscapeLeft UIInterfaceOrientationLandscapeRight";
				INFOPLIST_KEY_UISupportedInterfaceOrientations_iPhone = "UIInterfaceOrientationPortrait UIInterfaceOrientationLandscapeLeft UIInterfaceOrientationLandscapeRight";
				LD_RUNPATH_SEARCH_PATHS = (
					"$(inherited)",
					"@executable_path/Frameworks",
				);
				MARKETING_VERSION = 1.0;
				PRODUCT_BUNDLE_IDENTIFIER = "Project.PokeTrivia-ios";
				PRODUCT_NAME = "$(TARGET_NAME)";
				SWIFT_EMIT_LOC_STRINGS = YES;
				SWIFT_VERSION = 5.0;
				TARGETED_DEVICE_FAMILY = "1,2";
			};
			name = Debug;
		};
		6AFBB2F32C0589B8002800C3 /* Release */ = {
			isa = XCBuildConfiguration;
			buildSettings = {
				ASSETCATALOG_COMPILER_APPICON_NAME = AppIcon;
				ASSETCATALOG_COMPILER_GLOBAL_ACCENT_COLOR_NAME = AccentColor;
				CODE_SIGN_STYLE = Automatic;
				CURRENT_PROJECT_VERSION = 1;
				DEVELOPMENT_ASSET_PATHS = "\"PokeTrivia_ios/Preview Content\"";
				DEVELOPMENT_TEAM = 86NLWSZ2AC;
				ENABLE_PREVIEWS = YES;
				GENERATE_INFOPLIST_FILE = YES;
				INFOPLIST_KEY_UIApplicationSceneManifest_Generation = YES;
				INFOPLIST_KEY_UIApplicationSupportsIndirectInputEvents = YES;
				INFOPLIST_KEY_UILaunchScreen_Generation = YES;
				INFOPLIST_KEY_UISupportedInterfaceOrientations_iPad = "UIInterfaceOrientationPortrait UIInterfaceOrientationPortraitUpsideDown UIInterfaceOrientationLandscapeLeft UIInterfaceOrientationLandscapeRight";
				INFOPLIST_KEY_UISupportedInterfaceOrientations_iPhone = "UIInterfaceOrientationPortrait UIInterfaceOrientationLandscapeLeft UIInterfaceOrientationLandscapeRight";
				LD_RUNPATH_SEARCH_PATHS = (
					"$(inherited)",
					"@executable_path/Frameworks",
				);
				MARKETING_VERSION = 1.0;
				PRODUCT_BUNDLE_IDENTIFIER = "Project.PokeTrivia-ios";
				PRODUCT_NAME = "$(TARGET_NAME)";
				SWIFT_EMIT_LOC_STRINGS = YES;
				SWIFT_VERSION = 5.0;
				TARGETED_DEVICE_FAMILY = "1,2";
			};
			name = Release;
		};
		6AFBB2F52C0589B8002800C3 /* Debug */ = {
			isa = XCBuildConfiguration;
			buildSettings = {
				ALWAYS_EMBED_SWIFT_STANDARD_LIBRARIES = YES;
				BUNDLE_LOADER = "$(TEST_HOST)";
				CODE_SIGN_STYLE = Automatic;
				CURRENT_PROJECT_VERSION = 1;
				DEVELOPMENT_TEAM = 86NLWSZ2AC;
				GENERATE_INFOPLIST_FILE = YES;
				IPHONEOS_DEPLOYMENT_TARGET = 17.5;
				MARKETING_VERSION = 1.0;
				PRODUCT_BUNDLE_IDENTIFIER = "Project.PokeTrivia-iosTests";
				PRODUCT_NAME = "$(TARGET_NAME)";
				SWIFT_EMIT_LOC_STRINGS = NO;
				SWIFT_VERSION = 5.0;
				TARGETED_DEVICE_FAMILY = "1,2";
				TEST_HOST = "$(BUILT_PRODUCTS_DIR)/PokeTrivia_ios.app/$(BUNDLE_EXECUTABLE_FOLDER_PATH)/PokeTrivia_ios";
			};
			name = Debug;
		};
		6AFBB2F62C0589B8002800C3 /* Release */ = {
			isa = XCBuildConfiguration;
			buildSettings = {
				ALWAYS_EMBED_SWIFT_STANDARD_LIBRARIES = YES;
				BUNDLE_LOADER = "$(TEST_HOST)";
				CODE_SIGN_STYLE = Automatic;
				CURRENT_PROJECT_VERSION = 1;
				DEVELOPMENT_TEAM = 86NLWSZ2AC;
				GENERATE_INFOPLIST_FILE = YES;
				IPHONEOS_DEPLOYMENT_TARGET = 17.5;
				MARKETING_VERSION = 1.0;
				PRODUCT_BUNDLE_IDENTIFIER = "Project.PokeTrivia-iosTests";
				PRODUCT_NAME = "$(TARGET_NAME)";
				SWIFT_EMIT_LOC_STRINGS = NO;
				SWIFT_VERSION = 5.0;
				TARGETED_DEVICE_FAMILY = "1,2";
				TEST_HOST = "$(BUILT_PRODUCTS_DIR)/PokeTrivia_ios.app/$(BUNDLE_EXECUTABLE_FOLDER_PATH)/PokeTrivia_ios";
			};
			name = Release;
		};
		6AFBB2F82C0589B8002800C3 /* Debug */ = {
			isa = XCBuildConfiguration;
			buildSettings = {
				ALWAYS_EMBED_SWIFT_STANDARD_LIBRARIES = YES;
				CODE_SIGN_STYLE = Automatic;
				CURRENT_PROJECT_VERSION = 1;
				DEVELOPMENT_TEAM = 86NLWSZ2AC;
				GENERATE_INFOPLIST_FILE = YES;
				MARKETING_VERSION = 1.0;
				PRODUCT_BUNDLE_IDENTIFIER = "Project.PokeTrivia-iosUITests";
				PRODUCT_NAME = "$(TARGET_NAME)";
				SWIFT_EMIT_LOC_STRINGS = NO;
				SWIFT_VERSION = 5.0;
				TARGETED_DEVICE_FAMILY = "1,2";
				TEST_TARGET_NAME = PokeTrivia_ios;
			};
			name = Debug;
		};
		6AFBB2F92C0589B8002800C3 /* Release */ = {
			isa = XCBuildConfiguration;
			buildSettings = {
				ALWAYS_EMBED_SWIFT_STANDARD_LIBRARIES = YES;
				CODE_SIGN_STYLE = Automatic;
				CURRENT_PROJECT_VERSION = 1;
				DEVELOPMENT_TEAM = 86NLWSZ2AC;
				GENERATE_INFOPLIST_FILE = YES;
				MARKETING_VERSION = 1.0;
				PRODUCT_BUNDLE_IDENTIFIER = "Project.PokeTrivia-iosUITests";
				PRODUCT_NAME = "$(TARGET_NAME)";
				SWIFT_EMIT_LOC_STRINGS = NO;
				SWIFT_VERSION = 5.0;
				TARGETED_DEVICE_FAMILY = "1,2";
				TEST_TARGET_NAME = PokeTrivia_ios;
			};
			name = Release;
		};
/* End XCBuildConfiguration section */

/* Begin XCConfigurationList section */
		6AFBB2C82C0589B6002800C3 /* Build configuration list for PBXProject "PokeTrivia_ios" */ = {
			isa = XCConfigurationList;
			buildConfigurations = (
				6AFBB2EF2C0589B8002800C3 /* Debug */,
				6AFBB2F02C0589B8002800C3 /* Release */,
			);
			defaultConfigurationIsVisible = 0;
			defaultConfigurationName = Release;
		};
		6AFBB2F12C0589B8002800C3 /* Build configuration list for PBXNativeTarget "PokeTrivia_ios" */ = {
			isa = XCConfigurationList;
			buildConfigurations = (
				6AFBB2F22C0589B8002800C3 /* Debug */,
				6AFBB2F32C0589B8002800C3 /* Release */,
			);
			defaultConfigurationIsVisible = 0;
			defaultConfigurationName = Release;
		};
		6AFBB2F42C0589B8002800C3 /* Build configuration list for PBXNativeTarget "PokeTrivia_iosTests" */ = {
			isa = XCConfigurationList;
			buildConfigurations = (
				6AFBB2F52C0589B8002800C3 /* Debug */,
				6AFBB2F62C0589B8002800C3 /* Release */,
			);
			defaultConfigurationIsVisible = 0;
			defaultConfigurationName = Release;
		};
		6AFBB2F72C0589B8002800C3 /* Build configuration list for PBXNativeTarget "PokeTrivia_iosUITests" */ = {
			isa = XCConfigurationList;
			buildConfigurations = (
				6AFBB2F82C0589B8002800C3 /* Debug */,
				6AFBB2F92C0589B8002800C3 /* Release */,
			);
			defaultConfigurationIsVisible = 0;
			defaultConfigurationName = Release;
		};
/* End XCConfigurationList section */
	};
	rootObject = 6AFBB2C52C0589B6002800C3 /* Project object */;
}
